// !$*UTF8*$!
{
	archiveVersion = 1;
	classes = {
	};
	objectVersion = 46;
	objects = {

/* Begin PBXBuildFile section */
		71EF61381AEAC9E000E210BD /* main.c in Sources */ = {isa = PBXBuildFile; fileRef = 71EF61371AEAC9E000E210BD /* main.c */; };
		71EF614B1AEACE8C00E210BD /* at_parser.c in Sources */ = {isa = PBXBuildFile; fileRef = 71EF61461AEACE8C00E210BD /* at_parser.c */; };
		71EF614C1AEACE8C00E210BD /* my_string.c in Sources */ = {isa = PBXBuildFile; fileRef = 71EF61481AEACE8C00E210BD /* my_string.c */; };
/* End PBXBuildFile section */

/* Begin PBXCopyFilesBuildPhase section */
		71EF61321AEAC9E000E210BD /* CopyFiles */ = {
			isa = PBXCopyFilesBuildPhase;
			buildActionMask = 2147483647;
			dstPath = /usr/share/man/man1/;
			dstSubfolderSpec = 0;
			files = (
			);
			runOnlyForDeploymentPostprocessing = 1;
		};
/* End PBXCopyFilesBuildPhase section */

/* Begin PBXFileReference section */
		71EF61341AEAC9E000E210BD /* AT Parser */ = {isa = PBXFileReference; explicitFileType = "compiled.mach-o.executable"; includeInIndex = 0; path = "AT Parser"; sourceTree = BUILT_PRODUCTS_DIR; };
		71EF61371AEAC9E000E210BD /* main.c */ = {isa = PBXFileReference; lastKnownFileType = sourcecode.c.c; path = main.c; sourceTree = "<group>"; };
		71EF61461AEACE8C00E210BD /* at_parser.c */ = {isa = PBXFileReference; fileEncoding = 4; lastKnownFileType = sourcecode.c.c; path = at_parser.c; sourceTree = "<group>"; };
		71EF61471AEACE8C00E210BD /* at_parser.h */ = {isa = PBXFileReference; fileEncoding = 4; lastKnownFileType = sourcecode.c.h; path = at_parser.h; sourceTree = "<group>"; };
		71EF61481AEACE8C00E210BD /* my_string.c */ = {isa = PBXFileReference; fileEncoding = 4; lastKnownFileType = sourcecode.c.c; path = my_string.c; sourceTree = "<group>"; };
		71EF61491AEACE8C00E210BD /* my_string.h */ = {isa = PBXFileReference; fileEncoding = 4; lastKnownFileType = sourcecode.c.h; path = my_string.h; sourceTree = "<group>"; };
		71EF614A1AEACE8C00E210BD /* types.h */ = {isa = PBXFileReference; fileEncoding = 4; lastKnownFileType = sourcecode.c.h; path = types.h; sourceTree = "<group>"; };
/* End PBXFileReference section */

/* Begin PBXFrameworksBuildPhase section */
		71EF61311AEAC9E000E210BD /* Frameworks */ = {
			isa = PBXFrameworksBuildPhase;
			buildActionMask = 2147483647;
			files = (
			);
			runOnlyForDeploymentPostprocessing = 0;
		};
/* End PBXFrameworksBuildPhase section */

/* Begin PBXGroup section */
		71EF612B1AEAC9DF00E210BD = {
			isa = PBXGroup;
			children = (
				71EF61361AEAC9E000E210BD /* AT Parser */,
				71EF61351AEAC9E000E210BD /* Products */,
			);
			sourceTree = "<group>";
		};
		71EF61351AEAC9E000E210BD /* Products */ = {
			isa = PBXGroup;
			children = (
				71EF61341AEAC9E000E210BD /* AT Parser */,
			);
			name = Products;
			sourceTree = "<group>";
		};
		71EF61361AEAC9E000E210BD /* AT Parser */ = {
			isa = PBXGroup;
			children = (
				71EF614D1AEAD5C800E210BD /* lib */,
				71EF61371AEAC9E000E210BD /* main.c */,
			);
			path = "AT Parser";
			sourceTree = "<group>";
		};
		71EF614D1AEAD5C800E210BD /* lib */ = {
			isa = PBXGroup;
			children = (
				71EF614A1AEACE8C00E210BD /* types.h */,
				71EF61461AEACE8C00E210BD /* at_parser.c */,
				71EF61471AEACE8C00E210BD /* at_parser.h */,
				71EF61481AEACE8C00E210BD /* my_string.c */,
				71EF61491AEACE8C00E210BD /* my_string.h */,
			);
			name = lib;
			sourceTree = "<group>";
		};
/* End PBXGroup section */

/* Begin PBXNativeTarget section */
		71EF61331AEAC9E000E210BD /* AT Parser */ = {
			isa = PBXNativeTarget;
			buildConfigurationList = 71EF613B1AEAC9E000E210BD /* Build configuration list for PBXNativeTarget "AT Parser" */;
			buildPhases = (
				71EF61301AEAC9E000E210BD /* Sources */,
				71EF61311AEAC9E000E210BD /* Frameworks */,
				71EF61321AEAC9E000E210BD /* CopyFiles */,
			);
			buildRules = (
			);
			dependencies = (
			);
			name = "AT Parser";
			productName = "AT Parser";
			productReference = 71EF61341AEAC9E000E210BD /* AT Parser */;
			productType = "com.apple.product-type.tool";
		};
/* End PBXNativeTarget section */

/* Begin PBXProject section */
		71EF612C1AEAC9DF00E210BD /* Project object */ = {
			isa = PBXProject;
			attributes = {
				LastUpgradeCheck = 0630;
				ORGANIZATIONNAME = "Leonid Lezner";
				TargetAttributes = {
					71EF61331AEAC9E000E210BD = {
						CreatedOnToolsVersion = 6.3.1;
					};
				};
			};
			buildConfigurationList = 71EF612F1AEAC9DF00E210BD /* Build configuration list for PBXProject "AT Parser" */;
			compatibilityVersion = "Xcode 3.2";
			developmentRegion = English;
			hasScannedForEncodings = 0;
			knownRegions = (
				en,
			);
			mainGroup = 71EF612B1AEAC9DF00E210BD;
			productRefGroup = 71EF61351AEAC9E000E210BD /* Products */;
			projectDirPath = "";
			projectRoot = "";
			targets = (
				71EF61331AEAC9E000E210BD /* AT Parser */,
			);
		};
/* End PBXProject section */

/* Begin PBXSourcesBuildPhase section */
		71EF61301AEAC9E000E210BD /* Sources */ = {
			isa = PBXSourcesBuildPhase;
			buildActionMask = 2147483647;
			files = (
				71EF61381AEAC9E000E210BD /* main.c in Sources */,
				71EF614B1AEACE8C00E210BD /* at_parser.c in Sources */,
				71EF614C1AEACE8C00E210BD /* my_string.c in Sources */,
			);
			runOnlyForDeploymentPostprocessing = 0;
		};
/* End PBXSourcesBuildPhase section */

/* Begin XCBuildConfiguration section */
		71EF61391AEAC9E000E210BD /* Debug */ = {
			isa = XCBuildConfiguration;
			buildSettings = {
				ALWAYS_SEARCH_USER_PATHS = NO;
				CLANG_CXX_LANGUAGE_STANDARD = "gnu++0x";
				CLANG_CXX_LIBRARY = "libc++";
				CLANG_ENABLE_MODULES = YES;
				CLANG_ENABLE_OBJC_ARC = YES;
				CLANG_WARN_BOOL_CONVERSION = YES;
				CLANG_WARN_CONSTANT_CONVERSION = YES;
				CLANG_WARN_DIRECT_OBJC_ISA_USAGE = YES_ERROR;
				CLANG_WARN_EMPTY_BODY = YES;
				CLANG_WARN_ENUM_CONVERSION = YES;
				CLANG_WARN_INT_CONVERSION = YES;
				CLANG_WARN_OBJC_ROOT_CLASS = YES_ERROR;
				CLANG_WARN_UNREACHABLE_CODE = YES;
				CLANG_WARN__DUPLICATE_METHOD_MATCH = YES;
				COPY_PHASE_STRIP = NO;
				DEBUG_INFORMATION_FORMAT = dwarf;
				ENABLE_STRICT_OBJC_MSGSEND = YES;
				GCC_C_LANGUAGE_STANDARD = gnu99;
				GCC_DYNAMIC_NO_PIC = NO;
				GCC_NO_COMMON_BLOCKS = YES;
				GCC_OPTIMIZATION_LEVEL = 0;
				GCC_PREPROCESSOR_DEFINITIONS = (
					"DEBUG=1",
					"$(inherited)",
				);
				GCC_SYMBOLS_PRIVATE_EXTERN = NO;
				GCC_WARN_64_TO_32_BIT_CONVERSION = YES;
				GCC_WARN_ABOUT_RETURN_TYPE = YES_ERROR;
				GCC_WARN_UNDECLARED_SELECTOR = YES;
				GCC_WARN_UNINITIALIZED_AUTOS = YES_AGGRESSIVE;
				GCC_WARN_UNUSED_FUNCTION = YES;
				GCC_WARN_UNUSED_VARIABLE = YES;
				MACOSX_DEPLOYMENT_TARGET = 10.10;
				MTL_ENABLE_DEBUG_INFO = YES;
				ONLY_ACTIVE_ARCH = YES;
				SDKROOT = macosx;
				VALID_ARCHS = "i386 x86_64";
			};
			name = Debug;
		};
		71EF613A1AEAC9E000E210BD /* Release */ = {
			isa = XCBuildConfiguration;
			buildSettings = {
				ALWAYS_SEARCH_USER_PATHS = NO;
				CLANG_CXX_LANGUAGE_STANDARD = "gnu++0x";
				CLANG_CXX_LIBRARY = "libc++";
				CLANG_ENABLE_MODULES = YES;
				CLANG_ENABLE_OBJC_ARC = YES;
				CLANG_WARN_BOOL_CONVERSION = YES;
				CLANG_WARN_CONSTANT_CONVERSION = YES;
				CLANG_WARN_DIRECT_OBJC_ISA_USAGE = YES_ERROR;
				CLANG_WARN_EMPTY_BODY = YES;
				CLANG_WARN_ENUM_CONVERSION = YES;
				CLANG_WARN_INT_CONVERSION = YES;
				CLANG_WARN_OBJC_ROOT_CLASS = YES_ERROR;
				CLANG_WARN_UNREACHABLE_CODE = YES;
				CLANG_WARN__DUPLICATE_METHOD_MATCH = YES;
				COPY_PHASE_STRIP = NO;
				DEBUG_INFORMATION_FORMAT = "dwarf-with-dsym";
				ENABLE_NS_ASSERTIONS = NO;
				ENABLE_STRICT_OBJC_MSGSEND = YES;
				GCC_C_LANGUAGE_STANDARD = gnu99;
				GCC_NO_COMMON_BLOCKS = YES;
				GCC_WARN_64_TO_32_BIT_CONVERSION = YES;
				GCC_WARN_ABOUT_RETURN_TYPE = YES_ERROR;
				GCC_WARN_UNDECLARED_SELECTOR = YES;
				GCC_WARN_UNINITIALIZED_AUTOS = YES_AGGRESSIVE;
				GCC_WARN_UNUSED_FUNCTION = YES;
				GCC_WARN_UNUSED_VARIABLE = YES;
				MACOSX_DEPLOYMENT_TARGET = 10.10;
				MTL_ENABLE_DEBUG_INFO = NO;
				SDKROOT = macosx;
				VALID_ARCHS = "i386 x86_64";
			};
			name = Release;
		};
		71EF613C1AEAC9E000E210BD /* Debug */ = {
			isa = XCBuildConfiguration;
			buildSettings = {
				PRODUCT_NAME = "$(TARGET_NAME)";
			};
			name = Debug;
		};
		71EF613D1AEAC9E000E210BD /* Release */ = {
			isa = XCBuildConfiguration;
			buildSettings = {
				PRODUCT_NAME = "$(TARGET_NAME)";
			};
			name = Release;
		};
/* End XCBuildConfiguration section */

/* Begin XCConfigurationList section */
		71EF612F1AEAC9DF00E210BD /* Build configuration list for PBXProject "AT Parser" */ = {
			isa = XCConfigurationList;
			buildConfigurations = (
				71EF61391AEAC9E000E210BD /* Debug */,
				71EF613A1AEAC9E000E210BD /* Release */,
			);
			defaultConfigurationIsVisible = 0;
			defaultConfigurationName = Release;
		};
		71EF613B1AEAC9E000E210BD /* Build configuration list for PBXNativeTarget "AT Parser" */ = {
			isa = XCConfigurationList;
			buildConfigurations = (
				71EF613C1AEAC9E000E210BD /* Debug */,
				71EF613D1AEAC9E000E210BD /* Release */,
			);
			defaultConfigurationIsVisible = 0;
		};
/* End XCConfigurationList section */
	};
	rootObject = 71EF612C1AEAC9DF00E210BD /* Project object */;
}
